{
  "name": "cppoetry",
  "version": "1.0.0",
  "lockfileVersion": 1,
  "requires": true,
  "dependencies": {
    "lunicode": {
      "version": "2.0.1",
      "resolved": "https://registry.npmjs.org/lunicode/-/lunicode-2.0.1.tgz",
      "integrity": "sha512-tFXPCYVUH9NENfyAfsyj477g2oN/W0aJumjODy0QbIZ4c68dLoGzCc6Ovr46QpF+rMuHa8Qgku6nrMjK78WeDw=="
    }
  }
}
